
Microsoft Visual Studio Solution File, Format Version 12.00
# Visual Studio Version 17
VisualStudioVersion = 17.3.32825.248
MinimumVisualStudioVersion = 10.0.40219.1
Project("{FAE04EC0-301F-11D3-BF4B-00C04F79EFBC}") = "BierenApplication", "BierenApplication\BierenApplication.csproj", "{F7ECF32B-9B94-4EB4-89E9-C5A5AA9861EC}"
EndProject
Global
	GlobalSection(SolutionConfigurationPlatforms) = preSolution
		Debug|Any CPU = Debug|Any CPU
		Release|Any CPU = Release|Any CPU
	EndGlobalSection
	GlobalSection(ProjectConfigurationPlatforms) = postSolution
		{F7ECF32B-9B94-4EB4-89E9-C5A5AA9861EC}.Debug|Any CPU.ActiveCfg = Debug|Any CPU
		{F7ECF32B-9B94-4EB4-89E9-C5A5AA9861EC}.Debug|Any CPU.Build.0 = Debug|Any CPU
		{F7ECF32B-9B94-4EB4-89E9-C5A5AA9861EC}.Release|Any CPU.ActiveCfg = Release|Any CPU
		{F7ECF32B-9B94-4EB4-89E9-C5A5AA9861EC}.Release|Any CPU.Build.0 = Release|Any CPU
	EndGlobalSection
	GlobalSection(SolutionProperties) = preSolution
		HideSolutionNode = FALSE
	EndGlobalSection
	GlobalSection(ExtensibilityGlobals) = postSolution
		SolutionGuid = {70C16E57-F9F3-422F-B5B7-350E9A818E21}
	EndGlobalSection
EndGlobal
